uuid: 24f8d7d9-3622-4b41-b616-a17a4db223f3
langcode: en
status: true
dependencies:
  content:
    - 'block_content:basic:9fc44517-1066-4afb-a886-8f4a875a9d3f'
  module:
    - block_content
    - node
  theme:
    - da_vinci
id: heroblock
theme: da_vinci
region: hero
weight: -7
provider: null
plugin: 'block_content:9fc44517-1066-4afb-a886-8f4a875a9d3f'
settings:
  id: 'block_content:9fc44517-1066-4afb-a886-8f4a875a9d3f'
  label: 'Hero Block'
  label_display: '0'
  provider: block_content
  status: true
  info: ''
  view_mode: full
visibility:
  'entity_bundle:node':
    id: 'entity_bundle:node'
    negate: false
    context_mapping:
      node: '@node.node_route_context:node'
    bundles:
      component_page: component_page
